
Microsoft Visual Studio Solution File, Format Version 12.00
# Visual Studio Version 16
VisualStudioVersion = 16.0.32106.194
MinimumVisualStudioVersion = 10.0.40219.1
Project("{FAE04EC0-301F-11D3-BF4B-00C04F79EFBC}") = "module1-task1", "module1-task1\module1-task1.csproj", "{8807A54D-062A-41DC-8DE5-D928E215B8DF}"
EndProject
Project("{FAE04EC0-301F-11D3-BF4B-00C04F79EFBC}") = "mod2-taks1", "mod2-taks1\mod2-taks1.csproj", "{506CAF41-05C6-42B2-A657-6AD4DBF098C1}"
EndProject
Project("{FAE04EC0-301F-11D3-BF4B-00C04F79EFBC}") = "mod2-task2", "mod2-task2\mod2-task2.csproj", "{58839631-48D0-45CD-9BF4-9A44EFE2BF59}"
EndProject
Project("{2150E333-8FDC-42A3-9474-1A3956D46DE8}") = "Mod3", "Mod3", "{694E984F-888C-4E2E-BD18-E12DBA72CDD6}"
EndProject
Project("{FAE04EC0-301F-11D3-BF4B-00C04F79EFBC}") = "Task1", "Task1\Task1.csproj", "{F9D5D8CC-A966-4228-90E6-01170E8605A3}"
EndProject
Global
	GlobalSection(SolutionConfigurationPlatforms) = preSolution
		Debug|Any CPU = Debug|Any CPU
		Release|Any CPU = Release|Any CPU
	EndGlobalSection
	GlobalSection(ProjectConfigurationPlatforms) = postSolution
		{8807A54D-062A-41DC-8DE5-D928E215B8DF}.Debug|Any CPU.ActiveCfg = Debug|Any CPU
		{8807A54D-062A-41DC-8DE5-D928E215B8DF}.Debug|Any CPU.Build.0 = Debug|Any CPU
		{8807A54D-062A-41DC-8DE5-D928E215B8DF}.Release|Any CPU.ActiveCfg = Release|Any CPU
		{8807A54D-062A-41DC-8DE5-D928E215B8DF}.Release|Any CPU.Build.0 = Release|Any CPU
		{506CAF41-05C6-42B2-A657-6AD4DBF098C1}.Debug|Any CPU.ActiveCfg = Debug|Any CPU
		{506CAF41-05C6-42B2-A657-6AD4DBF098C1}.Debug|Any CPU.Build.0 = Debug|Any CPU
		{506CAF41-05C6-42B2-A657-6AD4DBF098C1}.Release|Any CPU.ActiveCfg = Release|Any CPU
		{506CAF41-05C6-42B2-A657-6AD4DBF098C1}.Release|Any CPU.Build.0 = Release|Any CPU
		{58839631-48D0-45CD-9BF4-9A44EFE2BF59}.Debug|Any CPU.ActiveCfg = Debug|Any CPU
		{58839631-48D0-45CD-9BF4-9A44EFE2BF59}.Debug|Any CPU.Build.0 = Debug|Any CPU
		{58839631-48D0-45CD-9BF4-9A44EFE2BF59}.Release|Any CPU.ActiveCfg = Release|Any CPU
		{58839631-48D0-45CD-9BF4-9A44EFE2BF59}.Release|Any CPU.Build.0 = Release|Any CPU
		{F9D5D8CC-A966-4228-90E6-01170E8605A3}.Debug|Any CPU.ActiveCfg = Debug|Any CPU
		{F9D5D8CC-A966-4228-90E6-01170E8605A3}.Debug|Any CPU.Build.0 = Debug|Any CPU
		{F9D5D8CC-A966-4228-90E6-01170E8605A3}.Release|Any CPU.ActiveCfg = Release|Any CPU
		{F9D5D8CC-A966-4228-90E6-01170E8605A3}.Release|Any CPU.Build.0 = Release|Any CPU
	EndGlobalSection
	GlobalSection(SolutionProperties) = preSolution
		HideSolutionNode = FALSE
	EndGlobalSection
	GlobalSection(NestedProjects) = preSolution
		{F9D5D8CC-A966-4228-90E6-01170E8605A3} = {694E984F-888C-4E2E-BD18-E12DBA72CDD6}
	EndGlobalSection
	GlobalSection(ExtensibilityGlobals) = postSolution
		SolutionGuid = {70C404A0-87F0-432B-B5DA-9A4B239DA7C8}
	EndGlobalSection
EndGlobal
